
Microsoft Visual Studio Solution File, Format Version 12.00
# Visual Studio 15
VisualStudioVersion = 15.0.28307.102
MinimumVisualStudioVersion = 10.0.40219.1
Project("{FAE04EC0-301F-11D3-BF4B-00C04F79EFBC}") = "08", "Storage\08.csproj", "{E047BD38-8FD0-49FA-A240-96F9CBF37B16}"
EndProject
Global
	GlobalSection(SolutionConfigurationPlatforms) = preSolution
		Debug|Any CPU = Debug|Any CPU
		Release|Any CPU = Release|Any CPU
	EndGlobalSection
	GlobalSection(ProjectConfigurationPlatforms) = postSolution
		{E047BD38-8FD0-49FA-A240-96F9CBF37B16}.Debug|Any CPU.ActiveCfg = Debug|Any CPU
		{E047BD38-8FD0-49FA-A240-96F9CBF37B16}.Debug|Any CPU.Build.0 = Debug|Any CPU
		{E047BD38-8FD0-49FA-A240-96F9CBF37B16}.Release|Any CPU.ActiveCfg = Release|Any CPU
		{E047BD38-8FD0-49FA-A240-96F9CBF37B16}.Release|Any CPU.Build.0 = Release|Any CPU
	EndGlobalSection
	GlobalSection(SolutionProperties) = preSolution
		HideSolutionNode = FALSE
	EndGlobalSection
	GlobalSection(ExtensibilityGlobals) = postSolution
		SolutionGuid = {25343E2E-DC48-49D5-A1A9-1FDEBF006179}
	EndGlobalSection
EndGlobal
